
Microsoft Visual Studio Solution File, Format Version 12.00
# Visual Studio Version 16
VisualStudioVersion = 16.0.28407.52
MinimumVisualStudioVersion = 10.0.40219.1
Project("{FAE04EC0-301F-11D3-BF4B-00C04F79EFBC}") = "TestProject", "TestProject\TestProject.csproj", "{327EAA01-6DF5-46FC-9F3F-0910FF3720E3}"
EndProject
Project("{FAE04EC0-301F-11D3-BF4B-00C04F79EFBC}") = "TestProject.Tests", "TestProject.Tests\TestProject.Tests.csproj", "{2AA2FF88-BCC0-4315-8A11-55C253E2EA8A}"
EndProject
Global
	GlobalSection(SolutionConfigurationPlatforms) = preSolution
		Debug|Any CPU = Debug|Any CPU
		Release|Any CPU = Release|Any CPU
	EndGlobalSection
	GlobalSection(ProjectConfigurationPlatforms) = postSolution
		{327EAA01-6DF5-46FC-9F3F-0910FF3720E3}.Debug|Any CPU.ActiveCfg = Debug|Any CPU
		{327EAA01-6DF5-46FC-9F3F-0910FF3720E3}.Debug|Any CPU.Build.0 = Debug|Any CPU
		{327EAA01-6DF5-46FC-9F3F-0910FF3720E3}.Release|Any CPU.ActiveCfg = Release|Any CPU
		{327EAA01-6DF5-46FC-9F3F-0910FF3720E3}.Release|Any CPU.Build.0 = Release|Any CPU
		{2AA2FF88-BCC0-4315-8A11-55C253E2EA8A}.Debug|Any CPU.ActiveCfg = Debug|Any CPU
		{2AA2FF88-BCC0-4315-8A11-55C253E2EA8A}.Debug|Any CPU.Build.0 = Debug|Any CPU
		{2AA2FF88-BCC0-4315-8A11-55C253E2EA8A}.Release|Any CPU.ActiveCfg = Release|Any CPU
		{2AA2FF88-BCC0-4315-8A11-55C253E2EA8A}.Release|Any CPU.Build.0 = Release|Any CPU
	EndGlobalSection
	GlobalSection(SolutionProperties) = preSolution
		HideSolutionNode = FALSE
	EndGlobalSection
	GlobalSection(ExtensibilityGlobals) = postSolution
		SolutionGuid = {6CBFF774-0E1C-404F-9D5D-8F1CF7640441}
	EndGlobalSection
EndGlobal
